
Microsoft Visual Studio Solution File, Format Version 12.00
# Visual Studio 14
VisualStudioVersion = 14.0.25123.0
MinimumVisualStudioVersion = 10.0.40219.1
Project("{FAE04EC0-301F-11D3-BF4B-00C04F79EFBC}") = "Cerkes_Haber.Droid", "Cerkes_Haber\Cerkes_Haber.Droid\Cerkes_Haber.Droid.csproj", "{BF45B6D5-00CE-490C-913F-F65FF4596931}"
EndProject
Project("{FAE04EC0-301F-11D3-BF4B-00C04F79EFBC}") = "Cerkes_Haber.iOS", "Cerkes_Haber\Cerkes_Haber.iOS\Cerkes_Haber.iOS.csproj", "{3D41EC6B-A7CC-44AA-8067-C4990A6C1D55}"
EndProject
Project("{FAE04EC0-301F-11D3-BF4B-00C04F79EFBC}") = "Cerkes_Haber.WinPhone", "Cerkes_Haber\Cerkes_Haber.WinPhone\Cerkes_Haber.WinPhone.csproj", "{E6244A74-70F8-4E14-AA81-51CFA52C20D6}"
EndProject
Project("{FAE04EC0-301F-11D3-BF4B-00C04F79EFBC}") = "Cerkes_Haber.UWP", "Cerkes_Haber\Cerkes_Haber.UWP\Cerkes_Haber.UWP.csproj", "{DF67A35C-D20D-4737-A196-4F67F803349D}"
EndProject
Project("{FAE04EC0-301F-11D3-BF4B-00C04F79EFBC}") = "Cerkes_Haber.Windows", "Cerkes_Haber\Cerkes_Haber.Windows\Cerkes_Haber.Windows.csproj", "{1EC8DD34-DC4A-44D8-B4F9-797412E8512F}"
EndProject
Project("{FAE04EC0-301F-11D3-BF4B-00C04F79EFBC}") = "Cerkes_Haber", "Cerkes_Haber\Cerkes_Haber\Cerkes_Haber.csproj", "{E882CE53-F878-4C85-AFCD-7FD1ECC67FE3}"
EndProject
Project("{FAE04EC0-301F-11D3-BF4B-00C04F79EFBC}") = "Cerkes_Haber.Service", "Cerkes_Haber.Service\Cerkes_Haber.Service.csproj", "{52CB901A-94D0-499D-8BBD-F312CA62BA33}"
EndProject
Project("{FAE04EC0-301F-11D3-BF4B-00C04F79EFBC}") = "Cerkes_Haber.Models", "Cerkes_Haber.Models\Cerkes_Haber.Models.csproj", "{BB0693E8-BDDA-4B31-B81D-0EF8247D8D78}"
EndProject
Global
	GlobalSection(SolutionConfigurationPlatforms) = preSolution
		Ad-Hoc|Any CPU = Ad-Hoc|Any CPU
		Ad-Hoc|ARM = Ad-Hoc|ARM
		Ad-Hoc|iPhone = Ad-Hoc|iPhone
		Ad-Hoc|iPhoneSimulator = Ad-Hoc|iPhoneSimulator
		Ad-Hoc|x64 = Ad-Hoc|x64
		Ad-Hoc|x86 = Ad-Hoc|x86
		AppStore|Any CPU = AppStore|Any CPU
		AppStore|ARM = AppStore|ARM
		AppStore|iPhone = AppStore|iPhone
		AppStore|iPhoneSimulator = AppStore|iPhoneSimulator
		AppStore|x64 = AppStore|x64
		AppStore|x86 = AppStore|x86
		Debug|Any CPU = Debug|Any CPU
		Debug|ARM = Debug|ARM
		Debug|iPhone = Debug|iPhone
		Debug|iPhoneSimulator = Debug|iPhoneSimulator
		Debug|x64 = Debug|x64
		Debug|x86 = Debug|x86
		Release|Any CPU = Release|Any CPU
		Release|ARM = Release|ARM
		Release|iPhone = Release|iPhone
		Release|iPhoneSimulator = Release|iPhoneSimulator
		Release|x64 = Release|x64
		Release|x86 = Release|x86
	EndGlobalSection
	GlobalSection(ProjectConfigurationPlatforms) = postSolution
		{BF45B6D5-00CE-490C-913F-F65FF4596931}.Ad-Hoc|Any CPU.ActiveCfg = Release|Any CPU
		{BF45B6D5-00CE-490C-913F-F65FF4596931}.Ad-Hoc|Any CPU.Build.0 = Release|Any CPU
		{BF45B6D5-00CE-490C-913F-F65FF4596931}.Ad-Hoc|Any CPU.Deploy.0 = Release|Any CPU
		{BF45B6D5-00CE-490C-913F-F65FF4596931}.Ad-Hoc|ARM.ActiveCfg = Release|Any CPU
		{BF45B6D5-00CE-490C-913F-F65FF4596931}.Ad-Hoc|ARM.Build.0 = Release|Any CPU
		{BF45B6D5-00CE-490C-913F-F65FF4596931}.Ad-Hoc|ARM.Deploy.0 = Release|Any CPU
		{BF45B6D5-00CE-490C-913F-F65FF4596931}.Ad-Hoc|iPhone.ActiveCfg = Release|Any CPU
		{BF45B6D5-00CE-490C-913F-F65FF4596931}.Ad-Hoc|iPhone.Build.0 = Release|Any CPU
		{BF45B6D5-00CE-490C-913F-F65FF4596931}.Ad-Hoc|iPhone.Deploy.0 = Release|Any CPU
		{BF45B6D5-00CE-490C-913F-F65FF4596931}.Ad-Hoc|iPhoneSimulator.ActiveCfg = Release|Any CPU
		{BF45B6D5-00CE-490C-913F-F65FF4596931}.Ad-Hoc|iPhoneSimulator.Build.0 = Release|Any CPU
		{BF45B6D5-00CE-490C-913F-F65FF4596931}.Ad-Hoc|iPhoneSimulator.Deploy.0 = Release|Any CPU
		{BF45B6D5-00CE-490C-913F-F65FF4596931}.Ad-Hoc|x64.ActiveCfg = Release|Any CPU
		{BF45B6D5-00CE-490C-913F-F65FF4596931}.Ad-Hoc|x64.Build.0 = Release|Any CPU
		{BF45B6D5-00CE-490C-913F-F65FF4596931}.Ad-Hoc|x64.Deploy.0 = Release|Any CPU
		{BF45B6D5-00CE-490C-913F-F65FF4596931}.Ad-Hoc|x86.ActiveCfg = Release|Any CPU
		{BF45B6D5-00CE-490C-913F-F65FF4596931}.Ad-Hoc|x86.Build.0 = Release|Any CPU
		{BF45B6D5-00CE-490C-913F-F65FF4596931}.Ad-Hoc|x86.Deploy.0 = Release|Any CPU
		{BF45B6D5-00CE-490C-913F-F65FF4596931}.AppStore|Any CPU.ActiveCfg = Release|Any CPU
		{BF45B6D5-00CE-490C-913F-F65FF4596931}.AppStore|Any CPU.Build.0 = Release|Any CPU
		{BF45B6D5-00CE-490C-913F-F65FF4596931}.AppStore|Any CPU.Deploy.0 = Release|Any CPU
		{BF45B6D5-00CE-490C-913F-F65FF4596931}.AppStore|ARM.ActiveCfg = Release|Any CPU
		{BF45B6D5-00CE-490C-913F-F65FF4596931}.AppStore|ARM.Build.0 = Release|Any CPU
		{BF45B6D5-00CE-490C-913F-F65FF4596931}.AppStore|ARM.Deploy.0 = Release|Any CPU
		{BF45B6D5-00CE-490C-913F-F65FF4596931}.AppStore|iPhone.ActiveCfg = Release|Any CPU
		{BF45B6D5-00CE-490C-913F-F65FF4596931}.AppStore|iPhone.Build.0 = Release|Any CPU
		{BF45B6D5-00CE-490C-913F-F65FF4596931}.AppStore|iPhone.Deploy.0 = Release|Any CPU
		{BF45B6D5-00CE-490C-913F-F65FF4596931}.AppStore|iPhoneSimulator.ActiveCfg = Release|Any CPU
		{BF45B6D5-00CE-490C-913F-F65FF4596931}.AppStore|iPhoneSimulator.Build.0 = Release|Any CPU
		{BF45B6D5-00CE-490C-913F-F65FF4596931}.AppStore|iPhoneSimulator.Deploy.0 = Release|Any CPU
		{BF45B6D5-00CE-490C-913F-F65FF4596931}.AppStore|x64.ActiveCfg = Release|Any CPU
		{BF45B6D5-00CE-490C-913F-F65FF4596931}.AppStore|x64.Build.0 = Release|Any CPU
		{BF45B6D5-00CE-490C-913F-F65FF4596931}.AppStore|x64.Deploy.0 = Release|Any CPU
		{BF45B6D5-00CE-490C-913F-F65FF4596931}.AppStore|x86.ActiveCfg = Release|Any CPU
		{BF45B6D5-00CE-490C-913F-F65FF4596931}.AppStore|x86.Build.0 = Release|Any CPU
		{BF45B6D5-00CE-490C-913F-F65FF4596931}.AppStore|x86.Deploy.0 = Release|Any CPU
		{BF45B6D5-00CE-490C-913F-F65FF4596931}.Debug|Any CPU.ActiveCfg = Debug|Any CPU
		{BF45B6D5-00CE-490C-913F-F65FF4596931}.Debug|Any CPU.Build.0 = Debug|Any CPU
		{BF45B6D5-00CE-490C-913F-F65FF4596931}.Debug|Any CPU.Deploy.0 = Debug|Any CPU
		{BF45B6D5-00CE-490C-913F-F65FF4596931}.Debug|ARM.ActiveCfg = Debug|Any CPU
		{BF45B6D5-00CE-490C-913F-F65FF4596931}.Debug|ARM.Build.0 = Debug|Any CPU
		{BF45B6D5-00CE-490C-913F-F65FF4596931}.Debug|ARM.Deploy.0 = Debug|Any CPU
		{BF45B6D5-00CE-490C-913F-F65FF4596931}.Debug|iPhone.ActiveCfg = Debug|Any CPU
		{BF45B6D5-00CE-490C-913F-F65FF4596931}.Debug|iPhone.Build.0 = Debug|Any CPU
		{BF45B6D5-00CE-490C-913F-F65FF4596931}.Debug|iPhone.Deploy.0 = Debug|Any CPU
		{BF45B6D5-00CE-490C-913F-F65FF4596931}.Debug|iPhoneSimulator.ActiveCfg = Debug|Any CPU
		{BF45B6D5-00CE-490C-913F-F65FF4596931}.Debug|iPhoneSimulator.Build.0 = Debug|Any CPU
		{BF45B6D5-00CE-490C-913F-F65FF4596931}.Debug|iPhoneSimulator.Deploy.0 = Debug|Any CPU
		{BF45B6D5-00CE-490C-913F-F65FF4596931}.Debug|x64.ActiveCfg = Debug|Any CPU
		{BF45B6D5-00CE-490C-913F-F65FF4596931}.Debug|x64.Build.0 = Debug|Any CPU
		{BF45B6D5-00CE-490C-913F-F65FF4596931}.Debug|x64.Deploy.0 = Debug|Any CPU
		{BF45B6D5-00CE-490C-913F-F65FF4596931}.Debug|x86.ActiveCfg = Debug|Any CPU
		{BF45B6D5-00CE-490C-913F-F65FF4596931}.Debug|x86.Build.0 = Debug|Any CPU
		{BF45B6D5-00CE-490C-913F-F65FF4596931}.Debug|x86.Deploy.0 = Debug|Any CPU
		{BF45B6D5-00CE-490C-913F-F65FF4596931}.Release|Any CPU.ActiveCfg = Release|Any CPU
		{BF45B6D5-00CE-490C-913F-F65FF4596931}.Release|Any CPU.Build.0 = Release|Any CPU
		{BF45B6D5-00CE-490C-913F-F65FF4596931}.Release|Any CPU.Deploy.0 = Release|Any CPU
		{BF45B6D5-00CE-490C-913F-F65FF4596931}.Release|ARM.ActiveCfg = Release|Any CPU
		{BF45B6D5-00CE-490C-913F-F65FF4596931}.Release|ARM.Build.0 = Release|Any CPU
		{BF45B6D5-00CE-490C-913F-F65FF4596931}.Release|ARM.Deploy.0 = Release|Any CPU
		{BF45B6D5-00CE-490C-913F-F65FF4596931}.Release|iPhone.ActiveCfg = Release|Any CPU
		{BF45B6D5-00CE-490C-913F-F65FF4596931}.Release|iPhone.Build.0 = Release|Any CPU
		{BF45B6D5-00CE-490C-913F-F65FF4596931}.Release|iPhone.Deploy.0 = Release|Any CPU
		{BF45B6D5-00CE-490C-913F-F65FF4596931}.Release|iPhoneSimulator.ActiveCfg = Release|Any CPU
		{BF45B6D5-00CE-490C-913F-F65FF4596931}.Release|iPhoneSimulator.Build.0 = Release|Any CPU
		{BF45B6D5-00CE-490C-913F-F65FF4596931}.Release|iPhoneSimulator.Deploy.0 = Release|Any CPU
		{BF45B6D5-00CE-490C-913F-F65FF4596931}.Release|x64.ActiveCfg = Release|Any CPU
		{BF45B6D5-00CE-490C-913F-F65FF4596931}.Release|x64.Build.0 = Release|Any CPU
		{BF45B6D5-00CE-490C-913F-F65FF4596931}.Release|x64.Deploy.0 = Release|Any CPU
		{BF45B6D5-00CE-490C-913F-F65FF4596931}.Release|x86.ActiveCfg = Release|Any CPU
		{BF45B6D5-00CE-490C-913F-F65FF4596931}.Release|x86.Build.0 = Release|Any CPU
		{BF45B6D5-00CE-490C-913F-F65FF4596931}.Release|x86.Deploy.0 = Release|Any CPU
		{3D41EC6B-A7CC-44AA-8067-C4990A6C1D55}.Ad-Hoc|Any CPU.ActiveCfg = Ad-Hoc|iPhone
		{3D41EC6B-A7CC-44AA-8067-C4990A6C1D55}.Ad-Hoc|ARM.ActiveCfg = Ad-Hoc|iPhone
		{3D41EC6B-A7CC-44AA-8067-C4990A6C1D55}.Ad-Hoc|iPhone.ActiveCfg = Ad-Hoc|iPhone
		{3D41EC6B-A7CC-44AA-8067-C4990A6C1D55}.Ad-Hoc|iPhone.Build.0 = Ad-Hoc|iPhone
		{3D41EC6B-A7CC-44AA-8067-C4990A6C1D55}.Ad-Hoc|iPhoneSimulator.ActiveCfg = Ad-Hoc|iPhoneSimulator
		{3D41EC6B-A7CC-44AA-8067-C4990A6C1D55}.Ad-Hoc|iPhoneSimulator.Build.0 = Ad-Hoc|iPhoneSimulator
		{3D41EC6B-A7CC-44AA-8067-C4990A6C1D55}.Ad-Hoc|x64.ActiveCfg = Ad-Hoc|iPhone
		{3D41EC6B-A7CC-44AA-8067-C4990A6C1D55}.Ad-Hoc|x86.ActiveCfg = Ad-Hoc|iPhone
		{3D41EC6B-A7CC-44AA-8067-C4990A6C1D55}.AppStore|Any CPU.ActiveCfg = AppStore|iPhone
		{3D41EC6B-A7CC-44AA-8067-C4990A6C1D55}.AppStore|ARM.ActiveCfg = AppStore|iPhone
		{3D41EC6B-A7CC-44AA-8067-C4990A6C1D55}.AppStore|iPhone.ActiveCfg = AppStore|iPhone
		{3D41EC6B-A7CC-44AA-8067-C4990A6C1D55}.AppStore|iPhone.Build.0 = AppStore|iPhone
		{3D41EC6B-A7CC-44AA-8067-C4990A6C1D55}.AppStore|iPhoneSimulator.ActiveCfg = AppStore|iPhoneSimulator
		{3D41EC6B-A7CC-44AA-8067-C4990A6C1D55}.AppStore|iPhoneSimulator.Build.0 = AppStore|iPhoneSimulator
		{3D41EC6B-A7CC-44AA-8067-C4990A6C1D55}.AppStore|x64.ActiveCfg = AppStore|iPhone
		{3D41EC6B-A7CC-44AA-8067-C4990A6C1D55}.AppStore|x86.ActiveCfg = AppStore|iPhone
		{3D41EC6B-A7CC-44AA-8067-C4990A6C1D55}.Debug|Any CPU.ActiveCfg = Debug|iPhone
		{3D41EC6B-A7CC-44AA-8067-C4990A6C1D55}.Debug|ARM.ActiveCfg = Debug|iPhone
		{3D41EC6B-A7CC-44AA-8067-C4990A6C1D55}.Debug|iPhone.ActiveCfg = Debug|iPhone
		{3D41EC6B-A7CC-44AA-8067-C4990A6C1D55}.Debug|iPhone.Build.0 = Debug|iPhone
		{3D41EC6B-A7CC-44AA-8067-C4990A6C1D55}.Debug|iPhoneSimulator.ActiveCfg = Debug|iPhoneSimulator
		{3D41EC6B-A7CC-44AA-8067-C4990A6C1D55}.Debug|iPhoneSimulator.Build.0 = Debug|iPhoneSimulator
		{3D41EC6B-A7CC-44AA-8067-C4990A6C1D55}.Debug|x64.ActiveCfg = Debug|iPhone
		{3D41EC6B-A7CC-44AA-8067-C4990A6C1D55}.Debug|x86.ActiveCfg = Debug|iPhone
		{3D41EC6B-A7CC-44AA-8067-C4990A6C1D55}.Release|Any CPU.ActiveCfg = Release|iPhone
		{3D41EC6B-A7CC-44AA-8067-C4990A6C1D55}.Release|ARM.ActiveCfg = Release|iPhone
		{3D41EC6B-A7CC-44AA-8067-C4990A6C1D55}.Release|iPhone.ActiveCfg = Release|iPhone
		{3D41EC6B-A7CC-44AA-8067-C4990A6C1D55}.Release|iPhone.Build.0 = Release|iPhone
		{3D41EC6B-A7CC-44AA-8067-C4990A6C1D55}.Release|iPhoneSimulator.ActiveCfg = Release|iPhoneSimulator
		{3D41EC6B-A7CC-44AA-8067-C4990A6C1D55}.Release|iPhoneSimulator.Build.0 = Release|iPhoneSimulator
		{3D41EC6B-A7CC-44AA-8067-C4990A6C1D55}.Release|x64.ActiveCfg = Release|iPhone
		{3D41EC6B-A7CC-44AA-8067-C4990A6C1D55}.Release|x86.ActiveCfg = Release|iPhone
		{E6244A74-70F8-4E14-AA81-51CFA52C20D6}.Ad-Hoc|Any CPU.ActiveCfg = Release|Any CPU
		{E6244A74-70F8-4E14-AA81-51CFA52C20D6}.Ad-Hoc|Any CPU.Build.0 = Release|Any CPU
		{E6244A74-70F8-4E14-AA81-51CFA52C20D6}.Ad-Hoc|Any CPU.Deploy.0 = Release|Any CPU
		{E6244A74-70F8-4E14-AA81-51CFA52C20D6}.Ad-Hoc|ARM.ActiveCfg = Release|ARM
		{E6244A74-70F8-4E14-AA81-51CFA52C20D6}.Ad-Hoc|ARM.Build.0 = Release|ARM
		{E6244A74-70F8-4E14-AA81-51CFA52C20D6}.Ad-Hoc|ARM.Deploy.0 = Release|ARM
		{E6244A74-70F8-4E14-AA81-51CFA52C20D6}.Ad-Hoc|iPhone.ActiveCfg = Release|Any CPU
		{E6244A74-70F8-4E14-AA81-51CFA52C20D6}.Ad-Hoc|iPhone.Build.0 = Release|Any CPU
		{E6244A74-70F8-4E14-AA81-51CFA52C20D6}.Ad-Hoc|iPhone.Deploy.0 = Release|Any CPU
		{E6244A74-70F8-4E14-AA81-51CFA52C20D6}.Ad-Hoc|iPhoneSimulator.ActiveCfg = Release|Any CPU
		{E6244A74-70F8-4E14-AA81-51CFA52C20D6}.Ad-Hoc|iPhoneSimulator.Build.0 = Release|Any CPU
		{E6244A74-70F8-4E14-AA81-51CFA52C20D6}.Ad-Hoc|iPhoneSimulator.Deploy.0 = Release|Any CPU
		{E6244A74-70F8-4E14-AA81-51CFA52C20D6}.Ad-Hoc|x64.ActiveCfg = Release|Any CPU
		{E6244A74-70F8-4E14-AA81-51CFA52C20D6}.Ad-Hoc|x64.Build.0 = Release|Any CPU
		{E6244A74-70F8-4E14-AA81-51CFA52C20D6}.Ad-Hoc|x64.Deploy.0 = Release|Any CPU
		{E6244A74-70F8-4E14-AA81-51CFA52C20D6}.Ad-Hoc|x86.ActiveCfg = Release|x86
		{E6244A74-70F8-4E14-AA81-51CFA52C20D6}.Ad-Hoc|x86.Build.0 = Release|x86
		{E6244A74-70F8-4E14-AA81-51CFA52C20D6}.Ad-Hoc|x86.Deploy.0 = Release|x86
		{E6244A74-70F8-4E14-AA81-51CFA52C20D6}.AppStore|Any CPU.ActiveCfg = Release|Any CPU
		{E6244A74-70F8-4E14-AA81-51CFA52C20D6}.AppStore|Any CPU.Build.0 = Release|Any CPU
		{E6244A74-70F8-4E14-AA81-51CFA52C20D6}.AppStore|Any CPU.Deploy.0 = Release|Any CPU
		{E6244A74-70F8-4E14-AA81-51CFA52C20D6}.AppStore|ARM.ActiveCfg = Release|ARM
		{E6244A74-70F8-4E14-AA81-51CFA52C20D6}.AppStore|ARM.Build.0 = Release|ARM
		{E6244A74-70F8-4E14-AA81-51CFA52C20D6}.AppStore|ARM.Deploy.0 = Release|ARM
		{E6244A74-70F8-4E14-AA81-51CFA52C20D6}.AppStore|iPhone.ActiveCfg = Release|Any CPU
		{E6244A74-70F8-4E14-AA81-51CFA52C20D6}.AppStore|iPhone.Build.0 = Release|Any CPU
		{E6244A74-70F8-4E14-AA81-51CFA52C20D6}.AppStore|iPhone.Deploy.0 = Release|Any CPU
		{E6244A74-70F8-4E14-AA81-51CFA52C20D6}.AppStore|iPhoneSimulator.ActiveCfg = Release|Any CPU
		{E6244A74-70F8-4E14-AA81-51CFA52C20D6}.AppStore|iPhoneSimulator.Build.0 = Release|Any CPU
		{E6244A74-70F8-4E14-AA81-51CFA52C20D6}.AppStore|iPhoneSimulator.Deploy.0 = Release|Any CPU
		{E6244A74-70F8-4E14-AA81-51CFA52C20D6}.AppStore|x64.ActiveCfg = Release|Any CPU
		{E6244A74-70F8-4E14-AA81-51CFA52C20D6}.AppStore|x64.Build.0 = Release|Any CPU
		{E6244A74-70F8-4E14-AA81-51CFA52C20D6}.AppStore|x64.Deploy.0 = Release|Any CPU
		{E6244A74-70F8-4E14-AA81-51CFA52C20D6}.AppStore|x86.ActiveCfg = Release|x86
		{E6244A74-70F8-4E14-AA81-51CFA52C20D6}.AppStore|x86.Build.0 = Release|x86
		{E6244A74-70F8-4E14-AA81-51CFA52C20D6}.AppStore|x86.Deploy.0 = Release|x86
		{E6244A74-70F8-4E14-AA81-51CFA52C20D6}.Debug|Any CPU.ActiveCfg = Debug|Any CPU
		{E6244A74-70F8-4E14-AA81-51CFA52C20D6}.Debug|Any CPU.Build.0 = Debug|Any CPU
		{E6244A74-70F8-4E14-AA81-51CFA52C20D6}.Debug|Any CPU.Deploy.0 = Debug|Any CPU
		{E6244A74-70F8-4E14-AA81-51CFA52C20D6}.Debug|ARM.ActiveCfg = Debug|ARM
		{E6244A74-70F8-4E14-AA81-51CFA52C20D6}.Debug|ARM.Build.0 = Debug|ARM
		{E6244A74-70F8-4E14-AA81-51CFA52C20D6}.Debug|ARM.Deploy.0 = Debug|ARM
		{E6244A74-70F8-4E14-AA81-51CFA52C20D6}.Debug|iPhone.ActiveCfg = Debug|Any CPU
		{E6244A74-70F8-4E14-AA81-51CFA52C20D6}.Debug|iPhone.Build.0 = Debug|Any CPU
		{E6244A74-70F8-4E14-AA81-51CFA52C20D6}.Debug|iPhone.Deploy.0 = Debug|Any CPU
		{E6244A74-70F8-4E14-AA81-51CFA52C20D6}.Debug|iPhoneSimulator.ActiveCfg = Debug|Any CPU
		{E6244A74-70F8-4E14-AA81-51CFA52C20D6}.Debug|iPhoneSimulator.Build.0 = Debug|Any CPU
		{E6244A74-70F8-4E14-AA81-51CFA52C20D6}.Debug|iPhoneSimulator.Deploy.0 = Debug|Any CPU
		{E6244A74-70F8-4E14-AA81-51CFA52C20D6}.Debug|x64.ActiveCfg = Debug|Any CPU
		{E6244A74-70F8-4E14-AA81-51CFA52C20D6}.Debug|x64.Build.0 = Debug|Any CPU
		{E6244A74-70F8-4E14-AA81-51CFA52C20D6}.Debug|x64.Deploy.0 = Debug|Any CPU
		{E6244A74-70F8-4E14-AA81-51CFA52C20D6}.Debug|x86.ActiveCfg = Debug|x86
		{E6244A74-70F8-4E14-AA81-51CFA52C20D6}.Debug|x86.Build.0 = Debug|x86
		{E6244A74-70F8-4E14-AA81-51CFA52C20D6}.Debug|x86.Deploy.0 = Debug|x86
		{E6244A74-70F8-4E14-AA81-51CFA52C20D6}.Release|Any CPU.ActiveCfg = Release|Any CPU
		{E6244A74-70F8-4E14-AA81-51CFA52C20D6}.Release|Any CPU.Build.0 = Release|Any CPU
		{E6244A74-70F8-4E14-AA81-51CFA52C20D6}.Release|Any CPU.Deploy.0 = Release|Any CPU
		{E6244A74-70F8-4E14-AA81-51CFA52C20D6}.Release|ARM.ActiveCfg = Release|ARM
		{E6244A74-70F8-4E14-AA81-51CFA52C20D6}.Release|ARM.Build.0 = Release|ARM
		{E6244A74-70F8-4E14-AA81-51CFA52C20D6}.Release|ARM.Deploy.0 = Release|ARM
		{E6244A74-70F8-4E14-AA81-51CFA52C20D6}.Release|iPhone.ActiveCfg = Release|Any CPU
		{E6244A74-70F8-4E14-AA81-51CFA52C20D6}.Release|iPhone.Build.0 = Release|Any CPU
		{E6244A74-70F8-4E14-AA81-51CFA52C20D6}.Release|iPhone.Deploy.0 = Release|Any CPU
		{E6244A74-70F8-4E14-AA81-51CFA52C20D6}.Release|iPhoneSimulator.ActiveCfg = Release|Any CPU
		{E6244A74-70F8-4E14-AA81-51CFA52C20D6}.Release|iPhoneSimulator.Build.0 = Release|Any CPU
		{E6244A74-70F8-4E14-AA81-51CFA52C20D6}.Release|iPhoneSimulator.Deploy.0 = Release|Any CPU
		{E6244A74-70F8-4E14-AA81-51CFA52C20D6}.Release|x64.ActiveCfg = Release|Any CPU
		{E6244A74-70F8-4E14-AA81-51CFA52C20D6}.Release|x64.Build.0 = Release|Any CPU
		{E6244A74-70F8-4E14-AA81-51CFA52C20D6}.Release|x64.Deploy.0 = Release|Any CPU
		{E6244A74-70F8-4E14-AA81-51CFA52C20D6}.Release|x86.ActiveCfg = Release|x86
		{E6244A74-70F8-4E14-AA81-51CFA52C20D6}.Release|x86.Build.0 = Release|x86
		{E6244A74-70F8-4E14-AA81-51CFA52C20D6}.Release|x86.Deploy.0 = Release|x86
		{DF67A35C-D20D-4737-A196-4F67F803349D}.Ad-Hoc|Any CPU.ActiveCfg = Release|x86
		{DF67A35C-D20D-4737-A196-4F67F803349D}.Ad-Hoc|Any CPU.Build.0 = Release|x86
		{DF67A35C-D20D-4737-A196-4F67F803349D}.Ad-Hoc|Any CPU.Deploy.0 = Release|x86
		{DF67A35C-D20D-4737-A196-4F67F803349D}.Ad-Hoc|ARM.ActiveCfg = Release|ARM
		{DF67A35C-D20D-4737-A196-4F67F803349D}.Ad-Hoc|ARM.Build.0 = Release|ARM
		{DF67A35C-D20D-4737-A196-4F67F803349D}.Ad-Hoc|ARM.Deploy.0 = Release|ARM
		{DF67A35C-D20D-4737-A196-4F67F803349D}.Ad-Hoc|iPhone.ActiveCfg = Release|x86
		{DF67A35C-D20D-4737-A196-4F67F803349D}.Ad-Hoc|iPhone.Build.0 = Release|x86
		{DF67A35C-D20D-4737-A196-4F67F803349D}.Ad-Hoc|iPhone.Deploy.0 = Release|x86
		{DF67A35C-D20D-4737-A196-4F67F803349D}.Ad-Hoc|iPhoneSimulator.ActiveCfg = Release|x86
		{DF67A35C-D20D-4737-A196-4F67F803349D}.Ad-Hoc|iPhoneSimulator.Build.0 = Release|x86
		{DF67A35C-D20D-4737-A196-4F67F803349D}.Ad-Hoc|iPhoneSimulator.Deploy.0 = Release|x86
		{DF67A35C-D20D-4737-A196-4F67F803349D}.Ad-Hoc|x64.ActiveCfg = Release|x64
		{DF67A35C-D20D-4737-A196-4F67F803349D}.Ad-Hoc|x64.Build.0 = Release|x64
		{DF67A35C-D20D-4737-A196-4F67F803349D}.Ad-Hoc|x64.Deploy.0 = Release|x64
		{DF67A35C-D20D-4737-A196-4F67F803349D}.Ad-Hoc|x86.ActiveCfg = Release|x86
		{DF67A35C-D20D-4737-A196-4F67F803349D}.Ad-Hoc|x86.Build.0 = Release|x86
		{DF67A35C-D20D-4737-A196-4F67F803349D}.Ad-Hoc|x86.Deploy.0 = Release|x86
		{DF67A35C-D20D-4737-A196-4F67F803349D}.AppStore|Any CPU.ActiveCfg = Release|x86
		{DF67A35C-D20D-4737-A196-4F67F803349D}.AppStore|Any CPU.Build.0 = Release|x86
		{DF67A35C-D20D-4737-A196-4F67F803349D}.AppStore|Any CPU.Deploy.0 = Release|x86
		{DF67A35C-D20D-4737-A196-4F67F803349D}.AppStore|ARM.ActiveCfg = Release|ARM
		{DF67A35C-D20D-4737-A196-4F67F803349D}.AppStore|ARM.Build.0 = Release|ARM
		{DF67A35C-D20D-4737-A196-4F67F803349D}.AppStore|ARM.Deploy.0 = Release|ARM
		{DF67A35C-D20D-4737-A196-4F67F803349D}.AppStore|iPhone.ActiveCfg = Release|x86
		{DF67A35C-D20D-4737-A196-4F67F803349D}.AppStore|iPhone.Build.0 = Release|x86
		{DF67A35C-D20D-4737-A196-4F67F803349D}.AppStore|iPhone.Deploy.0 = Release|x86
		{DF67A35C-D20D-4737-A196-4F67F803349D}.AppStore|iPhoneSimulator.ActiveCfg = Release|x86
		{DF67A35C-D20D-4737-A196-4F67F803349D}.AppStore|iPhoneSimulator.Build.0 = Release|x86
		{DF67A35C-D20D-4737-A196-4F67F803349D}.AppStore|iPhoneSimulator.Deploy.0 = Release|x86
		{DF67A35C-D20D-4737-A196-4F67F803349D}.AppStore|x64.ActiveCfg = Release|x64
		{DF67A35C-D20D-4737-A196-4F67F803349D}.AppStore|x64.Build.0 = Release|x64
		{DF67A35C-D20D-4737-A196-4F67F803349D}.AppStore|x64.Deploy.0 = Release|x64
		{DF67A35C-D20D-4737-A196-4F67F803349D}.AppStore|x86.ActiveCfg = Release|x86
		{DF67A35C-D20D-4737-A196-4F67F803349D}.AppStore|x86.Build.0 = Release|x86
		{DF67A35C-D20D-4737-A196-4F67F803349D}.AppStore|x86.Deploy.0 = Release|x86
		{DF67A35C-D20D-4737-A196-4F67F803349D}.Debug|Any CPU.ActiveCfg = Debug|x86
		{DF67A35C-D20D-4737-A196-4F67F803349D}.Debug|ARM.ActiveCfg = Debug|ARM
		{DF67A35C-D20D-4737-A196-4F67F803349D}.Debug|ARM.Build.0 = Debug|ARM
		{DF67A35C-D20D-4737-A196-4F67F803349D}.Debug|ARM.Deploy.0 = Debug|ARM
		{DF67A35C-D20D-4737-A196-4F67F803349D}.Debug|iPhone.ActiveCfg = Debug|x86
		{DF67A35C-D20D-4737-A196-4F67F803349D}.Debug|iPhoneSimulator.ActiveCfg = Debug|x86
		{DF67A35C-D20D-4737-A196-4F67F803349D}.Debug|x64.ActiveCfg = Debug|x64
		{DF67A35C-D20D-4737-A196-4F67F803349D}.Debug|x64.Build.0 = Debug|x64
		{DF67A35C-D20D-4737-A196-4F67F803349D}.Debug|x64.Deploy.0 = Debug|x64
		{DF67A35C-D20D-4737-A196-4F67F803349D}.Debug|x86.ActiveCfg = Debug|x86
		{DF67A35C-D20D-4737-A196-4F67F803349D}.Debug|x86.Build.0 = Debug|x86
		{DF67A35C-D20D-4737-A196-4F67F803349D}.Debug|x86.Deploy.0 = Debug|x86
		{DF67A35C-D20D-4737-A196-4F67F803349D}.Release|Any CPU.ActiveCfg = Release|x86
		{DF67A35C-D20D-4737-A196-4F67F803349D}.Release|ARM.ActiveCfg = Release|ARM
		{DF67A35C-D20D-4737-A196-4F67F803349D}.Release|ARM.Build.0 = Release|ARM
		{DF67A35C-D20D-4737-A196-4F67F803349D}.Release|ARM.Deploy.0 = Release|ARM
		{DF67A35C-D20D-4737-A196-4F67F803349D}.Release|iPhone.ActiveCfg = Release|x86
		{DF67A35C-D20D-4737-A196-4F67F803349D}.Release|iPhoneSimulator.ActiveCfg = Release|x86
		{DF67A35C-D20D-4737-A196-4F67F803349D}.Release|x64.ActiveCfg = Release|x64
		{DF67A35C-D20D-4737-A196-4F67F803349D}.Release|x64.Build.0 = Release|x64
		{DF67A35C-D20D-4737-A196-4F67F803349D}.Release|x64.Deploy.0 = Release|x64
		{DF67A35C-D20D-4737-A196-4F67F803349D}.Release|x86.ActiveCfg = Release|x86
		{DF67A35C-D20D-4737-A196-4F67F803349D}.Release|x86.Build.0 = Release|x86
		{DF67A35C-D20D-4737-A196-4F67F803349D}.Release|x86.Deploy.0 = Release|x86
		{1EC8DD34-DC4A-44D8-B4F9-797412E8512F}.Ad-Hoc|Any CPU.ActiveCfg = Release|Any CPU
		{1EC8DD34-DC4A-44D8-B4F9-797412E8512F}.Ad-Hoc|Any CPU.Build.0 = Release|Any CPU
		{1EC8DD34-DC4A-44D8-B4F9-797412E8512F}.Ad-Hoc|Any CPU.Deploy.0 = Release|Any CPU
		{1EC8DD34-DC4A-44D8-B4F9-797412E8512F}.Ad-Hoc|ARM.ActiveCfg = Release|ARM
		{1EC8DD34-DC4A-44D8-B4F9-797412E8512F}.Ad-Hoc|ARM.Build.0 = Release|ARM
		{1EC8DD34-DC4A-44D8-B4F9-797412E8512F}.Ad-Hoc|ARM.Deploy.0 = Release|ARM
		{1EC8DD34-DC4A-44D8-B4F9-797412E8512F}.Ad-Hoc|iPhone.ActiveCfg = Release|Any CPU
		{1EC8DD34-DC4A-44D8-B4F9-797412E8512F}.Ad-Hoc|iPhone.Build.0 = Release|Any CPU
		{1EC8DD34-DC4A-44D8-B4F9-797412E8512F}.Ad-Hoc|iPhone.Deploy.0 = Release|Any CPU
		{1EC8DD34-DC4A-44D8-B4F9-797412E8512F}.Ad-Hoc|iPhoneSimulator.ActiveCfg = Release|Any CPU
		{1EC8DD34-DC4A-44D8-B4F9-797412E8512F}.Ad-Hoc|iPhoneSimulator.Build.0 = Release|Any CPU
		{1EC8DD34-DC4A-44D8-B4F9-797412E8512F}.Ad-Hoc|iPhoneSimulator.Deploy.0 = Release|Any CPU
		{1EC8DD34-DC4A-44D8-B4F9-797412E8512F}.Ad-Hoc|x64.ActiveCfg = Release|x64
		{1EC8DD34-DC4A-44D8-B4F9-797412E8512F}.Ad-Hoc|x64.Build.0 = Release|x64
		{1EC8DD34-DC4A-44D8-B4F9-797412E8512F}.Ad-Hoc|x64.Deploy.0 = Release|x64
		{1EC8DD34-DC4A-44D8-B4F9-797412E8512F}.Ad-Hoc|x86.ActiveCfg = Release|x86
		{1EC8DD34-DC4A-44D8-B4F9-797412E8512F}.Ad-Hoc|x86.Build.0 = Release|x86
		{1EC8DD34-DC4A-44D8-B4F9-797412E8512F}.Ad-Hoc|x86.Deploy.0 = Release|x86
		{1EC8DD34-DC4A-44D8-B4F9-797412E8512F}.AppStore|Any CPU.ActiveCfg = Release|Any CPU
		{1EC8DD34-DC4A-44D8-B4F9-797412E8512F}.AppStore|Any CPU.Build.0 = Release|Any CPU
		{1EC8DD34-DC4A-44D8-B4F9-797412E8512F}.AppStore|Any CPU.Deploy.0 = Release|Any CPU
		{1EC8DD34-DC4A-44D8-B4F9-797412E8512F}.AppStore|ARM.ActiveCfg = Release|ARM
		{1EC8DD34-DC4A-44D8-B4F9-797412E8512F}.AppStore|ARM.Build.0 = Release|ARM
		{1EC8DD34-DC4A-44D8-B4F9-797412E8512F}.AppStore|ARM.Deploy.0 = Release|ARM
		{1EC8DD34-DC4A-44D8-B4F9-797412E8512F}.AppStore|iPhone.ActiveCfg = Release|Any CPU
		{1EC8DD34-DC4A-44D8-B4F9-797412E8512F}.AppStore|iPhone.Build.0 = Release|Any CPU
		{1EC8DD34-DC4A-44D8-B4F9-797412E8512F}.AppStore|iPhone.Deploy.0 = Release|Any CPU
		{1EC8DD34-DC4A-44D8-B4F9-797412E8512F}.AppStore|iPhoneSimulator.ActiveCfg = Release|Any CPU
		{1EC8DD34-DC4A-44D8-B4F9-797412E8512F}.AppStore|iPhoneSimulator.Build.0 = Release|Any CPU
		{1EC8DD34-DC4A-44D8-B4F9-797412E8512F}.AppStore|iPhoneSimulator.Deploy.0 = Release|Any CPU
		{1EC8DD34-DC4A-44D8-B4F9-797412E8512F}.AppStore|x64.ActiveCfg = Release|x64
		{1EC8DD34-DC4A-44D8-B4F9-797412E8512F}.AppStore|x64.Build.0 = Release|x64
		{1EC8DD34-DC4A-44D8-B4F9-797412E8512F}.AppStore|x64.Deploy.0 = Release|x64
		{1EC8DD34-DC4A-44D8-B4F9-797412E8512F}.AppStore|x86.ActiveCfg = Release|x86
		{1EC8DD34-DC4A-44D8-B4F9-797412E8512F}.AppStore|x86.Build.0 = Release|x86
		{1EC8DD34-DC4A-44D8-B4F9-797412E8512F}.AppStore|x86.Deploy.0 = Release|x86
		{1EC8DD34-DC4A-44D8-B4F9-797412E8512F}.Debug|Any CPU.ActiveCfg = Debug|Any CPU
		{1EC8DD34-DC4A-44D8-B4F9-797412E8512F}.Debug|Any CPU.Build.0 = Debug|Any CPU
		{1EC8DD34-DC4A-44D8-B4F9-797412E8512F}.Debug|Any CPU.Deploy.0 = Debug|Any CPU
		{1EC8DD34-DC4A-44D8-B4F9-797412E8512F}.Debug|ARM.ActiveCfg = Debug|ARM
		{1EC8DD34-DC4A-44D8-B4F9-797412E8512F}.Debug|ARM.Build.0 = Debug|ARM
		{1EC8DD34-DC4A-44D8-B4F9-797412E8512F}.Debug|ARM.Deploy.0 = Debug|ARM
		{1EC8DD34-DC4A-44D8-B4F9-797412E8512F}.Debug|iPhone.ActiveCfg = Debug|Any CPU
		{1EC8DD34-DC4A-44D8-B4F9-797412E8512F}.Debug|iPhone.Build.0 = Debug|Any CPU
		{1EC8DD34-DC4A-44D8-B4F9-797412E8512F}.Debug|iPhone.Deploy.0 = Debug|Any CPU
		{1EC8DD34-DC4A-44D8-B4F9-797412E8512F}.Debug|iPhoneSimulator.ActiveCfg = Debug|Any CPU
		{1EC8DD34-DC4A-44D8-B4F9-797412E8512F}.Debug|iPhoneSimulator.Build.0 = Debug|Any CPU
		{1EC8DD34-DC4A-44D8-B4F9-797412E8512F}.Debug|iPhoneSimulator.Deploy.0 = Debug|Any CPU
		{1EC8DD34-DC4A-44D8-B4F9-797412E8512F}.Debug|x64.ActiveCfg = Debug|x64
		{1EC8DD34-DC4A-44D8-B4F9-797412E8512F}.Debug|x64.Build.0 = Debug|x64
		{1EC8DD34-DC4A-44D8-B4F9-797412E8512F}.Debug|x64.Deploy.0 = Debug|x64
		{1EC8DD34-DC4A-44D8-B4F9-797412E8512F}.Debug|x86.ActiveCfg = Debug|x86
		{1EC8DD34-DC4A-44D8-B4F9-797412E8512F}.Debug|x86.Build.0 = Debug|x86
		{1EC8DD34-DC4A-44D8-B4F9-797412E8512F}.Debug|x86.Deploy.0 = Debug|x86
		{1EC8DD34-DC4A-44D8-B4F9-797412E8512F}.Release|Any CPU.ActiveCfg = Release|Any CPU
		{1EC8DD34-DC4A-44D8-B4F9-797412E8512F}.Release|Any CPU.Build.0 = Release|Any CPU
		{1EC8DD34-DC4A-44D8-B4F9-797412E8512F}.Release|Any CPU.Deploy.0 = Release|Any CPU
		{1EC8DD34-DC4A-44D8-B4F9-797412E8512F}.Release|ARM.ActiveCfg = Release|ARM
		{1EC8DD34-DC4A-44D8-B4F9-797412E8512F}.Release|ARM.Build.0 = Release|ARM
		{1EC8DD34-DC4A-44D8-B4F9-797412E8512F}.Release|ARM.Deploy.0 = Release|ARM
		{1EC8DD34-DC4A-44D8-B4F9-797412E8512F}.Release|iPhone.ActiveCfg = Release|Any CPU
		{1EC8DD34-DC4A-44D8-B4F9-797412E8512F}.Release|iPhone.Build.0 = Release|Any CPU
		{1EC8DD34-DC4A-44D8-B4F9-797412E8512F}.Release|iPhone.Deploy.0 = Release|Any CPU
		{1EC8DD34-DC4A-44D8-B4F9-797412E8512F}.Release|iPhoneSimulator.ActiveCfg = Release|Any CPU
		{1EC8DD34-DC4A-44D8-B4F9-797412E8512F}.Release|iPhoneSimulator.Build.0 = Release|Any CPU
		{1EC8DD34-DC4A-44D8-B4F9-797412E8512F}.Release|iPhoneSimulator.Deploy.0 = Release|Any CPU
		{1EC8DD34-DC4A-44D8-B4F9-797412E8512F}.Release|x64.ActiveCfg = Release|x64
		{1EC8DD34-DC4A-44D8-B4F9-797412E8512F}.Release|x64.Build.0 = Release|x64
		{1EC8DD34-DC4A-44D8-B4F9-797412E8512F}.Release|x64.Deploy.0 = Release|x64
		{1EC8DD34-DC4A-44D8-B4F9-797412E8512F}.Release|x86.ActiveCfg = Release|x86
		{1EC8DD34-DC4A-44D8-B4F9-797412E8512F}.Release|x86.Build.0 = Release|x86
		{1EC8DD34-DC4A-44D8-B4F9-797412E8512F}.Release|x86.Deploy.0 = Release|x86
		{E882CE53-F878-4C85-AFCD-7FD1ECC67FE3}.Ad-Hoc|Any CPU.ActiveCfg = Release|Any CPU
		{E882CE53-F878-4C85-AFCD-7FD1ECC67FE3}.Ad-Hoc|Any CPU.Build.0 = Release|Any CPU
		{E882CE53-F878-4C85-AFCD-7FD1ECC67FE3}.Ad-Hoc|ARM.ActiveCfg = Release|Any CPU
		{E882CE53-F878-4C85-AFCD-7FD1ECC67FE3}.Ad-Hoc|ARM.Build.0 = Release|Any CPU
		{E882CE53-F878-4C85-AFCD-7FD1ECC67FE3}.Ad-Hoc|iPhone.ActiveCfg = Release|Any CPU
		{E882CE53-F878-4C85-AFCD-7FD1ECC67FE3}.Ad-Hoc|iPhone.Build.0 = Release|Any CPU
		{E882CE53-F878-4C85-AFCD-7FD1ECC67FE3}.Ad-Hoc|iPhoneSimulator.ActiveCfg = Release|Any CPU
		{E882CE53-F878-4C85-AFCD-7FD1ECC67FE3}.Ad-Hoc|iPhoneSimulator.Build.0 = Release|Any CPU
		{E882CE53-F878-4C85-AFCD-7FD1ECC67FE3}.Ad-Hoc|x64.ActiveCfg = Release|Any CPU
		{E882CE53-F878-4C85-AFCD-7FD1ECC67FE3}.Ad-Hoc|x64.Build.0 = Release|Any CPU
		{E882CE53-F878-4C85-AFCD-7FD1ECC67FE3}.Ad-Hoc|x86.ActiveCfg = Release|Any CPU
		{E882CE53-F878-4C85-AFCD-7FD1ECC67FE3}.Ad-Hoc|x86.Build.0 = Release|Any CPU
		{E882CE53-F878-4C85-AFCD-7FD1ECC67FE3}.AppStore|Any CPU.ActiveCfg = Release|Any CPU
		{E882CE53-F878-4C85-AFCD-7FD1ECC67FE3}.AppStore|Any CPU.Build.0 = Release|Any CPU
		{E882CE53-F878-4C85-AFCD-7FD1ECC67FE3}.AppStore|ARM.ActiveCfg = Release|Any CPU
		{E882CE53-F878-4C85-AFCD-7FD1ECC67FE3}.AppStore|ARM.Build.0 = Release|Any CPU
		{E882CE53-F878-4C85-AFCD-7FD1ECC67FE3}.AppStore|iPhone.ActiveCfg = Release|Any CPU
		{E882CE53-F878-4C85-AFCD-7FD1ECC67FE3}.AppStore|iPhone.Build.0 = Release|Any CPU
		{E882CE53-F878-4C85-AFCD-7FD1ECC67FE3}.AppStore|iPhoneSimulator.ActiveCfg = Release|Any CPU
		{E882CE53-F878-4C85-AFCD-7FD1ECC67FE3}.AppStore|iPhoneSimulator.Build.0 = Release|Any CPU
		{E882CE53-F878-4C85-AFCD-7FD1ECC67FE3}.AppStore|x64.ActiveCfg = Release|Any CPU
		{E882CE53-F878-4C85-AFCD-7FD1ECC67FE3}.AppStore|x64.Build.0 = Release|Any CPU
		{E882CE53-F878-4C85-AFCD-7FD1ECC67FE3}.AppStore|x86.ActiveCfg = Release|Any CPU
		{E882CE53-F878-4C85-AFCD-7FD1ECC67FE3}.AppStore|x86.Build.0 = Release|Any CPU
		{E882CE53-F878-4C85-AFCD-7FD1ECC67FE3}.Debug|Any CPU.ActiveCfg = Debug|Any CPU
		{E882CE53-F878-4C85-AFCD-7FD1ECC67FE3}.Debug|Any CPU.Build.0 = Debug|Any CPU
		{E882CE53-F878-4C85-AFCD-7FD1ECC67FE3}.Debug|ARM.ActiveCfg = Debug|Any CPU
		{E882CE53-F878-4C85-AFCD-7FD1ECC67FE3}.Debug|ARM.Build.0 = Debug|Any CPU
		{E882CE53-F878-4C85-AFCD-7FD1ECC67FE3}.Debug|iPhone.ActiveCfg = Debug|Any CPU
		{E882CE53-F878-4C85-AFCD-7FD1ECC67FE3}.Debug|iPhone.Build.0 = Debug|Any CPU
		{E882CE53-F878-4C85-AFCD-7FD1ECC67FE3}.Debug|iPhoneSimulator.ActiveCfg = Debug|Any CPU
		{E882CE53-F878-4C85-AFCD-7FD1ECC67FE3}.Debug|iPhoneSimulator.Build.0 = Debug|Any CPU
		{E882CE53-F878-4C85-AFCD-7FD1ECC67FE3}.Debug|x64.ActiveCfg = Debug|Any CPU
		{E882CE53-F878-4C85-AFCD-7FD1ECC67FE3}.Debug|x64.Build.0 = Debug|Any CPU
		{E882CE53-F878-4C85-AFCD-7FD1ECC67FE3}.Debug|x86.ActiveCfg = Debug|Any CPU
		{E882CE53-F878-4C85-AFCD-7FD1ECC67FE3}.Debug|x86.Build.0 = Debug|Any CPU
		{E882CE53-F878-4C85-AFCD-7FD1ECC67FE3}.Release|Any CPU.ActiveCfg = Release|Any CPU
		{E882CE53-F878-4C85-AFCD-7FD1ECC67FE3}.Release|Any CPU.Build.0 = Release|Any CPU
		{E882CE53-F878-4C85-AFCD-7FD1ECC67FE3}.Release|ARM.ActiveCfg = Release|Any CPU
		{E882CE53-F878-4C85-AFCD-7FD1ECC67FE3}.Release|ARM.Build.0 = Release|Any CPU
		{E882CE53-F878-4C85-AFCD-7FD1ECC67FE3}.Release|iPhone.ActiveCfg = Release|Any CPU
		{E882CE53-F878-4C85-AFCD-7FD1ECC67FE3}.Release|iPhone.Build.0 = Release|Any CPU
		{E882CE53-F878-4C85-AFCD-7FD1ECC67FE3}.Release|iPhoneSimulator.ActiveCfg = Release|Any CPU
		{E882CE53-F878-4C85-AFCD-7FD1ECC67FE3}.Release|iPhoneSimulator.Build.0 = Release|Any CPU
		{E882CE53-F878-4C85-AFCD-7FD1ECC67FE3}.Release|x64.ActiveCfg = Release|Any CPU
		{E882CE53-F878-4C85-AFCD-7FD1ECC67FE3}.Release|x64.Build.0 = Release|Any CPU
		{E882CE53-F878-4C85-AFCD-7FD1ECC67FE3}.Release|x86.ActiveCfg = Release|Any CPU
		{E882CE53-F878-4C85-AFCD-7FD1ECC67FE3}.Release|x86.Build.0 = Release|Any CPU
		{52CB901A-94D0-499D-8BBD-F312CA62BA33}.Ad-Hoc|Any CPU.ActiveCfg = Release|Any CPU
		{52CB901A-94D0-499D-8BBD-F312CA62BA33}.Ad-Hoc|Any CPU.Build.0 = Release|Any CPU
		{52CB901A-94D0-499D-8BBD-F312CA62BA33}.Ad-Hoc|ARM.ActiveCfg = Release|Any CPU
		{52CB901A-94D0-499D-8BBD-F312CA62BA33}.Ad-Hoc|ARM.Build.0 = Release|Any CPU
		{52CB901A-94D0-499D-8BBD-F312CA62BA33}.Ad-Hoc|iPhone.ActiveCfg = Release|Any CPU
		{52CB901A-94D0-499D-8BBD-F312CA62BA33}.Ad-Hoc|iPhone.Build.0 = Release|Any CPU
		{52CB901A-94D0-499D-8BBD-F312CA62BA33}.Ad-Hoc|iPhoneSimulator.ActiveCfg = Release|Any CPU
		{52CB901A-94D0-499D-8BBD-F312CA62BA33}.Ad-Hoc|iPhoneSimulator.Build.0 = Release|Any CPU
		{52CB901A-94D0-499D-8BBD-F312CA62BA33}.Ad-Hoc|x64.ActiveCfg = Release|Any CPU
		{52CB901A-94D0-499D-8BBD-F312CA62BA33}.Ad-Hoc|x64.Build.0 = Release|Any CPU
		{52CB901A-94D0-499D-8BBD-F312CA62BA33}.Ad-Hoc|x86.ActiveCfg = Release|Any CPU
		{52CB901A-94D0-499D-8BBD-F312CA62BA33}.Ad-Hoc|x86.Build.0 = Release|Any CPU
		{52CB901A-94D0-499D-8BBD-F312CA62BA33}.AppStore|Any CPU.ActiveCfg = Release|Any CPU
		{52CB901A-94D0-499D-8BBD-F312CA62BA33}.AppStore|Any CPU.Build.0 = Release|Any CPU
		{52CB901A-94D0-499D-8BBD-F312CA62BA33}.AppStore|ARM.ActiveCfg = Release|Any CPU
		{52CB901A-94D0-499D-8BBD-F312CA62BA33}.AppStore|ARM.Build.0 = Release|Any CPU
		{52CB901A-94D0-499D-8BBD-F312CA62BA33}.AppStore|iPhone.ActiveCfg = Release|Any CPU
		{52CB901A-94D0-499D-8BBD-F312CA62BA33}.AppStore|iPhone.Build.0 = Release|Any CPU
		{52CB901A-94D0-499D-8BBD-F312CA62BA33}.AppStore|iPhoneSimulator.ActiveCfg = Release|Any CPU
		{52CB901A-94D0-499D-8BBD-F312CA62BA33}.AppStore|iPhoneSimulator.Build.0 = Release|Any CPU
		{52CB901A-94D0-499D-8BBD-F312CA62BA33}.AppStore|x64.ActiveCfg = Release|Any CPU
		{52CB901A-94D0-499D-8BBD-F312CA62BA33}.AppStore|x64.Build.0 = Release|Any CPU
		{52CB901A-94D0-499D-8BBD-F312CA62BA33}.AppStore|x86.ActiveCfg = Release|Any CPU
		{52CB901A-94D0-499D-8BBD-F312CA62BA33}.AppStore|x86.Build.0 = Release|Any CPU
		{52CB901A-94D0-499D-8BBD-F312CA62BA33}.Debug|Any CPU.ActiveCfg = Debug|Any CPU
		{52CB901A-94D0-499D-8BBD-F312CA62BA33}.Debug|Any CPU.Build.0 = Debug|Any CPU
		{52CB901A-94D0-499D-8BBD-F312CA62BA33}.Debug|ARM.ActiveCfg = Debug|Any CPU
		{52CB901A-94D0-499D-8BBD-F312CA62BA33}.Debug|ARM.Build.0 = Debug|Any CPU
		{52CB901A-94D0-499D-8BBD-F312CA62BA33}.Debug|iPhone.ActiveCfg = Debug|Any CPU
		{52CB901A-94D0-499D-8BBD-F312CA62BA33}.Debug|iPhone.Build.0 = Debug|Any CPU
		{52CB901A-94D0-499D-8BBD-F312CA62BA33}.Debug|iPhoneSimulator.ActiveCfg = Debug|Any CPU
		{52CB901A-94D0-499D-8BBD-F312CA62BA33}.Debug|iPhoneSimulator.Build.0 = Debug|Any CPU
		{52CB901A-94D0-499D-8BBD-F312CA62BA33}.Debug|x64.ActiveCfg = Debug|Any CPU
		{52CB901A-94D0-499D-8BBD-F312CA62BA33}.Debug|x64.Build.0 = Debug|Any CPU
		{52CB901A-94D0-499D-8BBD-F312CA62BA33}.Debug|x86.ActiveCfg = Debug|Any CPU
		{52CB901A-94D0-499D-8BBD-F312CA62BA33}.Debug|x86.Build.0 = Debug|Any CPU
		{52CB901A-94D0-499D-8BBD-F312CA62BA33}.Release|Any CPU.ActiveCfg = Release|Any CPU
		{52CB901A-94D0-499D-8BBD-F312CA62BA33}.Release|Any CPU.Build.0 = Release|Any CPU
		{52CB901A-94D0-499D-8BBD-F312CA62BA33}.Release|ARM.ActiveCfg = Release|Any CPU
		{52CB901A-94D0-499D-8BBD-F312CA62BA33}.Release|ARM.Build.0 = Release|Any CPU
		{52CB901A-94D0-499D-8BBD-F312CA62BA33}.Release|iPhone.ActiveCfg = Release|Any CPU
		{52CB901A-94D0-499D-8BBD-F312CA62BA33}.Release|iPhone.Build.0 = Release|Any CPU
		{52CB901A-94D0-499D-8BBD-F312CA62BA33}.Release|iPhoneSimulator.ActiveCfg = Release|Any CPU
		{52CB901A-94D0-499D-8BBD-F312CA62BA33}.Release|iPhoneSimulator.Build.0 = Release|Any CPU
		{52CB901A-94D0-499D-8BBD-F312CA62BA33}.Release|x64.ActiveCfg = Release|Any CPU
		{52CB901A-94D0-499D-8BBD-F312CA62BA33}.Release|x64.Build.0 = Release|Any CPU
		{52CB901A-94D0-499D-8BBD-F312CA62BA33}.Release|x86.ActiveCfg = Release|Any CPU
		{52CB901A-94D0-499D-8BBD-F312CA62BA33}.Release|x86.Build.0 = Release|Any CPU
		{BB0693E8-BDDA-4B31-B81D-0EF8247D8D78}.Ad-Hoc|Any CPU.ActiveCfg = Release|Any CPU
		{BB0693E8-BDDA-4B31-B81D-0EF8247D8D78}.Ad-Hoc|Any CPU.Build.0 = Release|Any CPU
		{BB0693E8-BDDA-4B31-B81D-0EF8247D8D78}.Ad-Hoc|ARM.ActiveCfg = Release|Any CPU
		{BB0693E8-BDDA-4B31-B81D-0EF8247D8D78}.Ad-Hoc|ARM.Build.0 = Release|Any CPU
		{BB0693E8-BDDA-4B31-B81D-0EF8247D8D78}.Ad-Hoc|iPhone.ActiveCfg = Release|Any CPU
		{BB0693E8-BDDA-4B31-B81D-0EF8247D8D78}.Ad-Hoc|iPhone.Build.0 = Release|Any CPU
		{BB0693E8-BDDA-4B31-B81D-0EF8247D8D78}.Ad-Hoc|iPhoneSimulator.ActiveCfg = Release|Any CPU
		{BB0693E8-BDDA-4B31-B81D-0EF8247D8D78}.Ad-Hoc|iPhoneSimulator.Build.0 = Release|Any CPU
		{BB0693E8-BDDA-4B31-B81D-0EF8247D8D78}.Ad-Hoc|x64.ActiveCfg = Release|Any CPU
		{BB0693E8-BDDA-4B31-B81D-0EF8247D8D78}.Ad-Hoc|x64.Build.0 = Release|Any CPU
		{BB0693E8-BDDA-4B31-B81D-0EF8247D8D78}.Ad-Hoc|x86.ActiveCfg = Release|Any CPU
		{BB0693E8-BDDA-4B31-B81D-0EF8247D8D78}.Ad-Hoc|x86.Build.0 = Release|Any CPU
		{BB0693E8-BDDA-4B31-B81D-0EF8247D8D78}.AppStore|Any CPU.ActiveCfg = Release|Any CPU
		{BB0693E8-BDDA-4B31-B81D-0EF8247D8D78}.AppStore|Any CPU.Build.0 = Release|Any CPU
		{BB0693E8-BDDA-4B31-B81D-0EF8247D8D78}.AppStore|ARM.ActiveCfg = Release|Any CPU
		{BB0693E8-BDDA-4B31-B81D-0EF8247D8D78}.AppStore|ARM.Build.0 = Release|Any CPU
		{BB0693E8-BDDA-4B31-B81D-0EF8247D8D78}.AppStore|iPhone.ActiveCfg = Release|Any CPU
		{BB0693E8-BDDA-4B31-B81D-0EF8247D8D78}.AppStore|iPhone.Build.0 = Release|Any CPU
		{BB0693E8-BDDA-4B31-B81D-0EF8247D8D78}.AppStore|iPhoneSimulator.ActiveCfg = Release|Any CPU
		{BB0693E8-BDDA-4B31-B81D-0EF8247D8D78}.AppStore|iPhoneSimulator.Build.0 = Release|Any CPU
		{BB0693E8-BDDA-4B31-B81D-0EF8247D8D78}.AppStore|x64.ActiveCfg = Release|Any CPU
		{BB0693E8-BDDA-4B31-B81D-0EF8247D8D78}.AppStore|x64.Build.0 = Release|Any CPU
		{BB0693E8-BDDA-4B31-B81D-0EF8247D8D78}.AppStore|x86.ActiveCfg = Release|Any CPU
		{BB0693E8-BDDA-4B31-B81D-0EF8247D8D78}.AppStore|x86.Build.0 = Release|Any CPU
		{BB0693E8-BDDA-4B31-B81D-0EF8247D8D78}.Debug|Any CPU.ActiveCfg = Debug|Any CPU
		{BB0693E8-BDDA-4B31-B81D-0EF8247D8D78}.Debug|Any CPU.Build.0 = Debug|Any CPU
		{BB0693E8-BDDA-4B31-B81D-0EF8247D8D78}.Debug|ARM.ActiveCfg = Debug|Any CPU
		{BB0693E8-BDDA-4B31-B81D-0EF8247D8D78}.Debug|ARM.Build.0 = Debug|Any CPU
		{BB0693E8-BDDA-4B31-B81D-0EF8247D8D78}.Debug|iPhone.ActiveCfg = Debug|Any CPU
		{BB0693E8-BDDA-4B31-B81D-0EF8247D8D78}.Debug|iPhone.Build.0 = Debug|Any CPU
		{BB0693E8-BDDA-4B31-B81D-0EF8247D8D78}.Debug|iPhoneSimulator.ActiveCfg = Debug|Any CPU
		{BB0693E8-BDDA-4B31-B81D-0EF8247D8D78}.Debug|iPhoneSimulator.Build.0 = Debug|Any CPU
		{BB0693E8-BDDA-4B31-B81D-0EF8247D8D78}.Debug|x64.ActiveCfg = Debug|Any CPU
		{BB0693E8-BDDA-4B31-B81D-0EF8247D8D78}.Debug|x64.Build.0 = Debug|Any CPU
		{BB0693E8-BDDA-4B31-B81D-0EF8247D8D78}.Debug|x86.ActiveCfg = Debug|Any CPU
		{BB0693E8-BDDA-4B31-B81D-0EF8247D8D78}.Debug|x86.Build.0 = Debug|Any CPU
		{BB0693E8-BDDA-4B31-B81D-0EF8247D8D78}.Release|Any CPU.ActiveCfg = Release|Any CPU
		{BB0693E8-BDDA-4B31-B81D-0EF8247D8D78}.Release|Any CPU.Build.0 = Release|Any CPU
		{BB0693E8-BDDA-4B31-B81D-0EF8247D8D78}.Release|ARM.ActiveCfg = Release|Any CPU
		{BB0693E8-BDDA-4B31-B81D-0EF8247D8D78}.Release|ARM.Build.0 = Release|Any CPU
		{BB0693E8-BDDA-4B31-B81D-0EF8247D8D78}.Release|iPhone.ActiveCfg = Release|Any CPU
		{BB0693E8-BDDA-4B31-B81D-0EF8247D8D78}.Release|iPhone.Build.0 = Release|Any CPU
		{BB0693E8-BDDA-4B31-B81D-0EF8247D8D78}.Release|iPhoneSimulator.ActiveCfg = Release|Any CPU
		{BB0693E8-BDDA-4B31-B81D-0EF8247D8D78}.Release|iPhoneSimulator.Build.0 = Release|Any CPU
		{BB0693E8-BDDA-4B31-B81D-0EF8247D8D78}.Release|x64.ActiveCfg = Release|Any CPU
		{BB0693E8-BDDA-4B31-B81D-0EF8247D8D78}.Release|x64.Build.0 = Release|Any CPU
		{BB0693E8-BDDA-4B31-B81D-0EF8247D8D78}.Release|x86.ActiveCfg = Release|Any CPU
		{BB0693E8-BDDA-4B31-B81D-0EF8247D8D78}.Release|x86.Build.0 = Release|Any CPU
	EndGlobalSection
	GlobalSection(SolutionProperties) = preSolution
		HideSolutionNode = FALSE
	EndGlobalSection
EndGlobal
